version = 1
revision = 3
requires-python = ">=3.11"

[[package]]
name = "asgiref"
version = "3.11.0"
source = { registry = "https://pypi.org/simple" }
sdist = { url = "https://files.pythonhosted.org/packages/76/b9/4db2509eabd14b4a8c71d1b24c8d5734c52b8560a7b1e1a8b56c8d25568b/asgiref-3.11.0.tar.gz", hash = "sha256:13acff32519542a1736223fb79a715acdebe24286d98e8b164a73085f40da2c4", size = 37969, upload-time = "2025-11-19T15:32:20.106Z" }
wheels = [
    { url = "https://files.pythonhosted.org/packages/91/be/317c2c55b8bbec407257d45f5c8d1b6867abc76d12043f2d3d58c538a4ea/asgiref-3.11.0-py3-none-any.whl", hash = "sha256:1db9021efadb0d9512ce8ffaf72fcef601c7b73a8807a1bb2ef143dc6b14846d", size = 24096, upload-time = "2025-11-19T15:32:19.004Z" },
]

[[package]]
name = "black"
version = "26.1.0"
source = { registry = "https://pypi.org/simple" }
dependencies = [
    { name = "click" },
    { name = "mypy-extensions" },
    { name = "packaging" },
    { name = "pathspec" },
    { name = "platformdirs" },
    { name = "pytokens" },
]
sdist = { url = "https://files.pythonhosted.org/packages/13/88/560b11e521c522440af991d46848a2bde64b5f7202ec14e1f46f9509d328/black-26.1.0.tar.gz", hash = "sha256:d294ac3340eef9c9eb5d29288e96dc719ff269a88e27b396340459dd85da4c58", size = 658785, upload-time = "2026-01-18T04:50:11.993Z" }
wheels = [
    { url = "https://files.pythonhosted.org/packages/30/83/f05f22ff13756e1a8ce7891db517dbc06200796a16326258268f4658a745/black-26.1.0-cp311-cp311-macosx_10_9_x86_64.whl", hash = "sha256:3cee1487a9e4c640dc7467aaa543d6c0097c391dc8ac74eb313f2fbf9d7a7cb5", size = 1831956, upload-time = "2026-01-18T04:59:21.38Z" },
    { url = "https://files.pythonhosted.org/packages/7d/f2/b2c570550e39bedc157715e43927360312d6dd677eed2cc149a802577491/black-26.1.0-cp311-cp311-macosx_11_0_arm64.whl", hash = "sha256:d62d14ca31c92adf561ebb2e5f2741bf8dea28aef6deb400d49cca011d186c68", size = 1672499, upload-time = "2026-01-18T04:59:23.257Z" },
    { url = "https://files.pythonhosted.org/packages/7a/d7/990d6a94dc9e169f61374b1c3d4f4dd3037e93c2cc12b6f3b12bc663aa7b/black-26.1.0-cp311-cp311-manylinux2014_x86_64.manylinux_2_17_x86_64.manylinux_2_28_x86_64.whl", hash = "sha256:fb1dafbbaa3b1ee8b4550a84425aac8874e5f390200f5502cf3aee4a2acb2f14", size = 1735431, upload-time = "2026-01-18T04:59:24.729Z" },
    { url = "https://files.pythonhosted.org/packages/36/1c/cbd7bae7dd3cb315dfe6eeca802bb56662cc92b89af272e014d98c1f2286/black-26.1.0-cp311-cp311-win_amd64.whl", hash = "sha256:101540cb2a77c680f4f80e628ae98bd2bd8812fb9d72ade4f8995c5ff019e82c", size = 1400468, upload-time = "2026-01-18T04:59:27.381Z" },
    { url = "https://files.pythonhosted.org/packages/59/b1/9fe6132bb2d0d1f7094613320b56297a108ae19ecf3041d9678aec381b37/black-26.1.0-cp311-cp311-win_arm64.whl", hash = "sha256:6f3977a16e347f1b115662be07daa93137259c711e526402aa444d7a88fdc9d4", size = 1207332, upload-time = "2026-01-18T04:59:28.711Z" },
    { url = "https://files.pythonhosted.org/packages/f5/13/710298938a61f0f54cdb4d1c0baeb672c01ff0358712eddaf29f76d32a0b/black-26.1.0-cp312-cp312-macosx_10_13_x86_64.whl", hash = "sha256:6eeca41e70b5f5c84f2f913af857cf2ce17410847e1d54642e658e078da6544f", size = 1878189, upload-time = "2026-01-18T04:59:30.682Z" },
    { url = "https://files.pythonhosted.org/packages/79/a6/5179beaa57e5dbd2ec9f1c64016214057b4265647c62125aa6aeffb05392/black-26.1.0-cp312-cp312-macosx_11_0_arm64.whl", hash = "sha256:dd39eef053e58e60204f2cdf059e2442e2eb08f15989eefe259870f89614c8b6", size = 1700178, upload-time = "2026-01-18T04:59:32.387Z" },
    { url = "https://files.pythonhosted.org/packages/8c/04/c96f79d7b93e8f09d9298b333ca0d31cd9b2ee6c46c274fd0f531de9dc61/black-26.1.0-cp312-cp312-manylinux2014_x86_64.manylinux_2_17_x86_64.manylinux_2_28_x86_64.whl", hash = "sha256:9459ad0d6cd483eacad4c6566b0f8e42af5e8b583cee917d90ffaa3778420a0a", size = 1777029, upload-time = "2026-01-18T04:59:33.767Z" },
    { url = "https://files.pythonhosted.org/packages/49/f9/71c161c4c7aa18bdda3776b66ac2dc07aed62053c7c0ff8bbda8c2624fe2/black-26.1.0-cp312-cp312-win_amd64.whl", hash = "sha256:a19915ec61f3a8746e8b10adbac4a577c6ba9851fa4a9e9fbfbcf319887a5791", size = 1406466, upload-time = "2026-01-18T04:59:35.177Z" },
    { url = "https://files.pythonhosted.org/packages/4a/8b/a7b0f974e473b159d0ac1b6bcefffeb6bec465898a516ee5cc989503cbc7/black-26.1.0-cp312-cp312-win_arm64.whl", hash = "sha256:643d27fb5facc167c0b1b59d0315f2674a6e950341aed0fc05cf307d22bf4954", size = 1216393, upload-time = "2026-01-18T04:59:37.18Z" },
    { url = "https://files.pythonhosted.org/packages/79/04/fa2f4784f7237279332aa735cdfd5ae2e7730db0072fb2041dadda9ae551/black-26.1.0-cp313-cp313-macosx_10_13_x86_64.whl", hash = "sha256:ba1d768fbfb6930fc93b0ecc32a43d8861ded16f47a40f14afa9bb04ab93d304", size = 1877781, upload-time = "2026-01-18T04:59:39.054Z" },
    { url = "https://files.pythonhosted.org/packages/cf/ad/5a131b01acc0e5336740a039628c0ab69d60cf09a2c87a4ec49f5826acda/black-26.1.0-cp313-cp313-macosx_11_0_arm64.whl", hash = "sha256:2b807c240b64609cb0e80d2200a35b23c7df82259f80bef1b2c96eb422b4aac9", size = 1699670, upload-time = "2026-01-18T04:59:41.005Z" },
    { url = "https://files.pythonhosted.org/packages/da/7c/b05f22964316a52ab6b4265bcd52c0ad2c30d7ca6bd3d0637e438fc32d6e/black-26.1.0-cp313-cp313-manylinux2014_x86_64.manylinux_2_17_x86_64.manylinux_2_28_x86_64.whl", hash = "sha256:1de0f7d01cc894066a1153b738145b194414cc6eeaad8ef4397ac9abacf40f6b", size = 1775212, upload-time = "2026-01-18T04:59:42.545Z" },
    { url = "https://files.pythonhosted.org/packages/a6/a3/e8d1526bea0446e040193185353920a9506eab60a7d8beb062029129c7d2/black-26.1.0-cp313-cp313-win_amd64.whl", hash = "sha256:91a68ae46bf07868963671e4d05611b179c2313301bd756a89ad4e3b3db2325b", size = 1409953, upload-time = "2026-01-18T04:59:44.357Z" },
    { url = "https://files.pythonhosted.org/packages/c7/5a/d62ebf4d8f5e3a1daa54adaab94c107b57be1b1a2f115a0249b41931e188/black-26.1.0-cp313-cp313-win_arm64.whl", hash = "sha256:be5e2fe860b9bd9edbf676d5b60a9282994c03fbbd40fe8f5e75d194f96064ca", size = 1217707, upload-time = "2026-01-18T04:59:45.719Z" },
    { url = "https://files.pythonhosted.org/packages/6a/83/be35a175aacfce4b05584ac415fd317dd6c24e93a0af2dcedce0f686f5d8/black-26.1.0-cp314-cp314-macosx_10_15_x86_64.whl", hash = "sha256:9dc8c71656a79ca49b8d3e2ce8103210c9481c57798b48deeb3a8bb02db5f115", size = 1871864, upload-time = "2026-01-18T04:59:47.586Z" },
    { url = "https://files.pythonhosted.org/packages/a5/f5/d33696c099450b1274d925a42b7a030cd3ea1f56d72e5ca8bbed5f52759c/black-26.1.0-cp314-cp314-macosx_11_0_arm64.whl", hash = "sha256:b22b3810451abe359a964cc88121d57f7bce482b53a066de0f1584988ca36e79", size = 1701009, upload-time = "2026-01-18T04:59:49.443Z" },
    { url = "https://files.pythonhosted.org/packages/1b/87/670dd888c537acb53a863bc15abbd85b22b429237d9de1b77c0ed6b79c42/black-26.1.0-cp314-cp314-manylinux2014_x86_64.manylinux_2_17_x86_64.manylinux_2_28_x86_64.whl", hash = "sha256:53c62883b3f999f14e5d30b5a79bd437236658ad45b2f853906c7cbe79de00af", size = 1767806, upload-time = "2026-01-18T04:59:50.769Z" },
    { url = "https://files.pythonhosted.org/packages/fe/9c/cd3deb79bfec5bcf30f9d2100ffeec63eecce826eb63e3961708b9431ff1/black-26.1.0-cp314-cp314-win_amd64.whl", hash = "sha256:f016baaadc423dc960cdddf9acae679e71ee02c4c341f78f3179d7e4819c095f", size = 1433217, upload-time = "2026-01-18T04:59:52.218Z" },
    { url = "https://files.pythonhosted.org/packages/4e/29/f3be41a1cf502a283506f40f5d27203249d181f7a1a2abce1c6ce188035a/black-26.1.0-cp314-cp314-win_arm64.whl", hash = "sha256:66912475200b67ef5a0ab665011964bf924745103f51977a78b4fb92a9fc1bf0", size = 1245773, upload-time = "2026-01-18T04:59:54.457Z" },
    { url = "https://files.pythonhosted.org/packages/e4/3d/51bdb3ecbfadfaf825ec0c75e1de6077422b4afa2091c6c9ba34fbfc0c2d/black-26.1.0-py3-none-any.whl", hash = "sha256:1054e8e47ebd686e078c0bb0eaf31e6ce69c966058d122f2c0c950311f9f3ede", size = 204010, upload-time = "2026-01-18T04:50:09.978Z" },
]

[[package]]
name = "click"
version = "8.3.1"
source = { registry = "https://pypi.org/simple" }
dependencies = [
    { name = "colorama", marker = "sys_platform == 'win32'" },
]
sdist = { url = "https://files.pythonhosted.org/packages/3d/fa/656b739db8587d7b5dfa22e22ed02566950fbfbcdc20311993483657a5c0/click-8.3.1.tar.gz", hash = "sha256:12ff4785d337a1bb490bb7e9c2b1ee5da3112e94a8622f26a6c77f5d2fc6842a", size = 295065, upload-time = "2025-11-15T20:45:42.706Z" }
wheels = [
    { url = "https://files.pythonhosted.org/packages/98/78/01c019cdb5d6498122777c1a43056ebb3ebfeef2076d9d026bfe15583b2b/click-8.3.1-py3-none-any.whl", hash = "sha256:981153a64e25f12d547d3426c367a4857371575ee7ad18df2a6183ab0545b2a6", size = 108274, upload-time = "2025-11-15T20:45:41.139Z" },
]

[[package]]
name = "colorama"
version = "0.4.6"
source = { registry = "https://pypi.org/simple" }
sdist = { url = "https://files.pythonhosted.org/packages/d8/53/6f443c9a4a8358a93a6792e2acffb9d9d5cb0a5cfd8802644b7b1c9a02e4/colorama-0.4.6.tar.gz", hash = "sha256:08695f5cb7ed6e0531a20572697297273c47b8cae5a63ffc6d6ed5c201be6e44", size = 27697, upload-time = "2022-10-25T02:36:22.414Z" }
wheels = [
    { url = "https://files.pythonhosted.org/packages/d1/d6/3965ed04c63042e047cb6a3e6ed1a63a35087b6a609aa3a15ed8ac56c221/colorama-0.4.6-py2.py3-none-any.whl", hash = "sha256:4f1d9991f5acc0ca119f9d443620b77f9d6b33703e51011c16baf57afb285fc6", size = 25335, upload-time = "2022-10-25T02:36:20.889Z" },
]

[[package]]
name = "django"
version = "5.1.15"
source = { registry = "https://pypi.org/simple" }
dependencies = [
    { name = "asgiref" },
    { name = "sqlparse" },
    { name = "tzdata", marker = "sys_platform == 'win32'" },
]
sdist = { url = "https://files.pythonhosted.org/packages/10/45/1ac68964193cfcc0b0912a0f68025d5bdb54f71ba7b8716e85b959874bd0/django-5.1.15.tar.gz", hash = "sha256:46a356b5ff867bece73fc6365e081f21c569973403ee7e9b9a0316f27d0eb947", size = 10719662, upload-time = "2025-12-02T14:01:31.931Z" }
wheels = [
    { url = "https://files.pythonhosted.org/packages/27/79/372e091f0eba4ddb8228245ccd1baaa140e9658711f5e3a0056e540b4c1e/django-5.1.15-py3-none-any.whl", hash = "sha256:117871e58d6eda37f09870b7d73a3d66567b03aecd515b386b1751177c413432", size = 8260901, upload-time = "2025-12-02T14:01:27.352Z" },
]

[[package]]
name = "django-vite"
version = "3.1.0"
source = { registry = "https://pypi.org/simple" }
dependencies = [
    { name = "django" },
]
sdist = { url = "https://files.pythonhosted.org/packages/23/fe/4be07f538bbf9bf8bf73b045552ec2a1b4fba67e3176abb30490b643368e/django_vite-3.1.0.tar.gz", hash = "sha256:8b4ffe4a9fa81ff568bfb195e74dde8694aaf13fd4b656ae60bf59cce08b85e8", size = 25434, upload-time = "2025-02-23T15:32:07.914Z" }
wheels = [
    { url = "https://files.pythonhosted.org/packages/30/59/7df4b1077fa41b43b4e542696d75138dbb86a65f44248c607b3e0f1014ce/django_vite-3.1.0-py3-none-any.whl", hash = "sha256:4e46572bd6b1ce70784be129205dc2ffcbc7a3c19fea50bebfb72b327bbde5fc", size = 23579, upload-time = "2025-02-23T15:32:06.603Z" },
]

[[package]]
name = "djangovue"
version = "0.1.0"
source = { editable = "." }
dependencies = [
    { name = "django" },
    { name = "django-vite" },
    { name = "pytz" },
]

[package.optional-dependencies]
dev = [
    { name = "black" },
    { name = "ruff" },
]

[package.metadata]
requires-dist = [
    { name = "black", marker = "extra == 'dev'", specifier = ">=23.0.0" },
    { name = "django", specifier = ">=5.1,<5.2" },
    { name = "django-vite", specifier = ">=3.1.0" },
    { name = "pytz", specifier = ">=2023.3" },
    { name = "ruff", marker = "extra == 'dev'", specifier = ">=0.1.0" },
]
provides-extras = ["dev"]

[[package]]
name = "mypy-extensions"
version = "1.1.0"
source = { registry = "https://pypi.org/simple" }
sdist = { url = "https://files.pythonhosted.org/packages/a2/6e/371856a3fb9d31ca8dac321cda606860fa4548858c0cc45d9d1d4ca2628b/mypy_extensions-1.1.0.tar.gz", hash = "sha256:52e68efc3284861e772bbcd66823fde5ae21fd2fdb51c62a211403730b916558", size = 6343, upload-time = "2025-04-22T14:54:24.164Z" }
wheels = [
    { url = "https://files.pythonhosted.org/packages/79/7b/2c79738432f5c924bef5071f933bcc9efd0473bac3b4aa584a6f7c1c8df8/mypy_extensions-1.1.0-py3-none-any.whl", hash = "sha256:1be4cccdb0f2482337c4743e60421de3a356cd97508abadd57d47403e94f5505", size = 4963, upload-time = "2025-04-22T14:54:22.983Z" },
]

[[package]]
name = "packaging"
version = "25.0"
source = { registry = "https://pypi.org/simple" }
sdist = { url = "https://files.pythonhosted.org/packages/a1/d4/1fc4078c65507b51b96ca8f8c3ba19e6a61c8253c72794544580a7b6c24d/packaging-25.0.tar.gz", hash = "sha256:d443872c98d677bf60f6a1f2f8c1cb748e8fe762d2bf9d3148b5599295b0fc4f", size = 165727, upload-time = "2025-04-19T11:48:59.673Z" }
wheels = [
    { url = "https://files.pythonhosted.org/packages/20/12/38679034af332785aac8774540895e234f4d07f7545804097de4b666afd8/packaging-25.0-py3-none-any.whl", hash = "sha256:29572ef2b1f17581046b3a2227d5c611fb25ec70ca1ba8554b24b0e69331a484", size = 66469, upload-time = "2025-04-19T11:48:57.875Z" },
]

[[package]]
name = "pathspec"
version = "1.0.3"
source = { registry = "https://pypi.org/simple" }
sdist = { url = "https://files.pythonhosted.org/packages/4c/b2/bb8e495d5262bfec41ab5cb18f522f1012933347fb5d9e62452d446baca2/pathspec-1.0.3.tar.gz", hash = "sha256:bac5cf97ae2c2876e2d25ebb15078eb04d76e4b98921ee31c6f85ade8b59444d", size = 130841, upload-time = "2026-01-09T15:46:46.009Z" }
wheels = [
    { url = "https://files.pythonhosted.org/packages/32/2b/121e912bd60eebd623f873fd090de0e84f322972ab25a7f9044c056804ed/pathspec-1.0.3-py3-none-any.whl", hash = "sha256:e80767021c1cc524aa3fb14bedda9c34406591343cc42797b386ce7b9354fb6c", size = 55021, upload-time = "2026-01-09T15:46:44.652Z" },
]

[[package]]
name = "platformdirs"
version = "4.5.1"
source = { registry = "https://pypi.org/simple" }
sdist = { url = "https://files.pythonhosted.org/packages/cf/86/0248f086a84f01b37aaec0fa567b397df1a119f73c16f6c7a9aac73ea309/platformdirs-4.5.1.tar.gz", hash = "sha256:61d5cdcc6065745cdd94f0f878977f8de9437be93de97c1c12f853c9c0cdcbda", size = 21715, upload-time = "2025-12-05T13:52:58.638Z" }
wheels = [
    { url = "https://files.pythonhosted.org/packages/cb/28/3bfe2fa5a7b9c46fe7e13c97bda14c895fb10fa2ebf1d0abb90e0cea7ee1/platformdirs-4.5.1-py3-none-any.whl", hash = "sha256:d03afa3963c806a9bed9d5125c8f4cb2fdaf74a55ab60e5d59b3fde758104d31", size = 18731, upload-time = "2025-12-05T13:52:56.823Z" },
]

[[package]]
name = "pytokens"
version = "0.4.0"
source = { registry = "https://pypi.org/simple" }
sdist = { url = "https://files.pythonhosted.org/packages/e5/16/4b9cfd90d55e66ffdb277d7ebe3bc25250c2311336ec3fc73b2673c794d5/pytokens-0.4.0.tar.gz", hash = "sha256:6b0b03e6ea7c9f9d47c5c61164b69ad30f4f0d70a5d9fe7eac4d19f24f77af2d", size = 15039, upload-time = "2026-01-19T07:59:50.623Z" }
wheels = [
    { url = "https://files.pythonhosted.org/packages/b4/05/3196399a353dd4cd99138a88f662810979ee2f1a1cdb0b417cb2f4507836/pytokens-0.4.0-cp311-cp311-macosx_11_0_arm64.whl", hash = "sha256:92eb3ef88f27c22dc9dbab966ace4d61f6826e02ba04dac8e2d65ea31df56c8e", size = 160075, upload-time = "2026-01-19T07:59:00.316Z" },
    { url = "https://files.pythonhosted.org/packages/28/1d/c8fc4ed0a1c4f660391b201cda00b1d5bbcc00e2998e8bcd48b15eefd708/pytokens-0.4.0-cp311-cp311-manylinux2014_aarch64.manylinux_2_17_aarch64.manylinux_2_28_aarch64.whl", hash = "sha256:f4b77858a680635ee9904306f54b0ee4781effb89e211ba0a773d76539537165", size = 247318, upload-time = "2026-01-19T07:59:01.636Z" },
    { url = "https://files.pythonhosted.org/packages/8e/0e/53e55ba01f3e858d229cd84b02481542f42ba59050483a78bf2447ee1af7/pytokens-0.4.0-cp311-cp311-manylinux2014_x86_64.manylinux_2_17_x86_64.manylinux_2_28_x86_64.whl", hash = "sha256:25cacc20c2ad90acb56f3739d87905473c54ca1fa5967ffcd675463fe965865e", size = 259752, upload-time = "2026-01-19T07:59:04.229Z" },
    { url = "https://files.pythonhosted.org/packages/dc/56/2d930d7f899e3f21868ca6e8ec739ac31e8fc532f66e09cbe45d3df0a84f/pytokens-0.4.0-cp311-cp311-musllinux_1_2_x86_64.whl", hash = "sha256:628fab535ebc9079e4db35cd63cb401901c7ce8720a9834f9ad44b9eb4e0f1d4", size = 262842, upload-time = "2026-01-19T07:59:06.14Z" },
    { url = "https://files.pythonhosted.org/packages/42/dd/4e7e6920d23deffaf66e6f40d45f7610dcbc132ca5d90ab4faccef22f624/pytokens-0.4.0-cp311-cp311-win_amd64.whl", hash = "sha256:4d0f568d7e82b7e96be56d03b5081de40e43c904eb6492bf09aaca47cd55f35b", size = 102620, upload-time = "2026-01-19T07:59:07.839Z" },
    { url = "https://files.pythonhosted.org/packages/3d/65/65460ebbfefd0bc1b160457904370d44f269e6e4582e0a9b6cba7c267b04/pytokens-0.4.0-cp312-cp312-macosx_11_0_arm64.whl", hash = "sha256:cd8da894e5a29ba6b6da8be06a4f7589d7220c099b5e363cb0643234b9b38c2a", size = 159864, upload-time = "2026-01-19T07:59:08.908Z" },
    { url = "https://files.pythonhosted.org/packages/25/70/a46669ec55876c392036b4da9808b5c3b1c5870bbca3d4cc923bf68bdbc1/pytokens-0.4.0-cp312-cp312-manylinux2014_aarch64.manylinux_2_17_aarch64.manylinux_2_28_aarch64.whl", hash = "sha256:237ba7cfb677dbd3b01b09860810aceb448871150566b93cd24501d5734a04b1", size = 254448, upload-time = "2026-01-19T07:59:10.594Z" },
    { url = "https://files.pythonhosted.org/packages/62/0b/c486fc61299c2fc3b7f88ee4e115d4c8b6ffd1a7f88dc94b398b5b1bc4b8/pytokens-0.4.0-cp312-cp312-manylinux2014_x86_64.manylinux_2_17_x86_64.manylinux_2_28_x86_64.whl", hash = "sha256:01d1a61e36812e4e971cfe2c0e4c1f2d66d8311031dac8bf168af8a249fa04dd", size = 268863, upload-time = "2026-01-19T07:59:12.31Z" },
    { url = "https://files.pythonhosted.org/packages/79/92/b036af846707d25feaff7cafbd5280f1bd6a1034c16bb06a7c910209c1ab/pytokens-0.4.0-cp312-cp312-musllinux_1_2_x86_64.whl", hash = "sha256:e47e2ef3ec6ee86909e520d79f965f9b23389fda47460303cf715d510a6fe544", size = 267181, upload-time = "2026-01-19T07:59:13.856Z" },
    { url = "https://files.pythonhosted.org/packages/0d/c0/6d011fc00fefa74ce34816c84a923d2dd7c46b8dbc6ee52d13419786834c/pytokens-0.4.0-cp312-cp312-win_amd64.whl", hash = "sha256:3d36954aba4557fd5a418a03cf595ecbb1cdcce119f91a49b19ef09d691a22ae", size = 102814, upload-time = "2026-01-19T07:59:15.288Z" },
    { url = "https://files.pythonhosted.org/packages/98/63/627b7e71d557383da5a97f473ad50f8d9c2c1f55c7d3c2531a120c796f6e/pytokens-0.4.0-cp313-cp313-macosx_11_0_arm64.whl", hash = "sha256:73eff3bdd8ad08da679867992782568db0529b887bed4c85694f84cdf35eafc6", size = 159744, upload-time = "2026-01-19T07:59:16.88Z" },
    { url = "https://files.pythonhosted.org/packages/28/d7/16f434c37ec3824eba6bcb6e798e5381a8dc83af7a1eda0f95c16fe3ade5/pytokens-0.4.0-cp313-cp313-manylinux2014_aarch64.manylinux_2_17_aarch64.manylinux_2_28_aarch64.whl", hash = "sha256:d97cc1f91b1a8e8ebccf31c367f28225699bea26592df27141deade771ed0afb", size = 253207, upload-time = "2026-01-19T07:59:18.069Z" },
    { url = "https://files.pythonhosted.org/packages/ab/96/04102856b9527701ae57d74a6393d1aca5bad18a1b1ca48ccffb3c93b392/pytokens-0.4.0-cp313-cp313-manylinux2014_x86_64.manylinux_2_17_x86_64.manylinux_2_28_x86_64.whl", hash = "sha256:a2c8952c537cb73a1a74369501a83b7f9d208c3cf92c41dd88a17814e68d48ce", size = 267452, upload-time = "2026-01-19T07:59:19.328Z" },
    { url = "https://files.pythonhosted.org/packages/0e/ef/0936eb472b89ab2d2c2c24bb81c50417e803fa89c731930d9fb01176fe9f/pytokens-0.4.0-cp313-cp313-musllinux_1_2_x86_64.whl", hash = "sha256:5dbf56f3c748aed9310b310d5b8b14e2c96d3ad682ad5a943f381bdbbdddf753", size = 265965, upload-time = "2026-01-19T07:59:20.613Z" },
    { url = "https://files.pythonhosted.org/packages/ae/f5/64f3d6f7df4a9e92ebda35ee85061f6260e16eac82df9396020eebbca775/pytokens-0.4.0-cp313-cp313-win_amd64.whl", hash = "sha256:e131804513597f2dff2b18f9911d9b6276e21ef3699abeffc1c087c65a3d975e", size = 102813, upload-time = "2026-01-19T07:59:22.012Z" },
    { url = "https://files.pythonhosted.org/packages/5f/f1/d07e6209f18ef378fc2ae9dee8d1dfe91fd2447c2e2dbfa32867b6dd30cf/pytokens-0.4.0-cp314-cp314-macosx_11_0_arm64.whl", hash = "sha256:0d7374c917197106d3c4761374718bc55ea2e9ac0fb94171588ef5840ee1f016", size = 159968, upload-time = "2026-01-19T07:59:23.07Z" },
    { url = "https://files.pythonhosted.org/packages/0a/73/0eb111400abd382a04f253b269819db9fcc748aa40748441cebdcb6d068f/pytokens-0.4.0-cp314-cp314-manylinux2014_aarch64.manylinux_2_17_aarch64.manylinux_2_28_aarch64.whl", hash = "sha256:0cd3fa1caf9e47a72ee134a29ca6b5bea84712724bba165d6628baa190c6ea5b", size = 253373, upload-time = "2026-01-19T07:59:24.381Z" },
    { url = "https://files.pythonhosted.org/packages/bd/8d/9e4e2fdb5bcaba679e54afcc304e9f13f488eb4d626e6b613f9553e03dbd/pytokens-0.4.0-cp314-cp314-manylinux2014_x86_64.manylinux_2_17_x86_64.manylinux_2_28_x86_64.whl", hash = "sha256:9c6986576b7b07fe9791854caa5347923005a80b079d45b63b0be70d50cce5f1", size = 267024, upload-time = "2026-01-19T07:59:25.74Z" },
    { url = "https://files.pythonhosted.org/packages/cb/b7/e0a370321af2deb772cff14ff337e1140d1eac2c29a8876bfee995f486f0/pytokens-0.4.0-cp314-cp314-musllinux_1_2_x86_64.whl", hash = "sha256:9940f7c2e2f54fb1cb5fe17d0803c54da7a2bf62222704eb4217433664a186a7", size = 270912, upload-time = "2026-01-19T07:59:27.072Z" },
    { url = "https://files.pythonhosted.org/packages/7c/54/4348f916c440d4c3e68b53b4ed0e66b292d119e799fa07afa159566dcc86/pytokens-0.4.0-cp314-cp314-win_amd64.whl", hash = "sha256:54691cf8f299e7efabcc25adb4ce715d3cef1491e1c930eaf555182f898ef66a", size = 103836, upload-time = "2026-01-19T07:59:28.112Z" },
    { url = "https://files.pythonhosted.org/packages/e8/f8/a693c0cfa9c783a2a8c4500b7b2a8bab420f8ca4f2d496153226bf1c12e3/pytokens-0.4.0-cp314-cp314t-macosx_11_0_arm64.whl", hash = "sha256:94ff5db97a0d3cd7248a5b07ba2167bd3edc1db92f76c6db00137bbaf068ddf8", size = 167643, upload-time = "2026-01-19T07:59:29.292Z" },
    { url = "https://files.pythonhosted.org/packages/c0/dd/a64eb1e9f3ec277b69b33ef1b40ffbcc8f0a3bafcde120997efc7bdefebf/pytokens-0.4.0-cp314-cp314t-manylinux2014_aarch64.manylinux_2_17_aarch64.manylinux_2_28_aarch64.whl", hash = "sha256:d0dd6261cd9cc95fae1227b1b6ebee023a5fd4a4b6330b071c73a516f5f59b63", size = 289553, upload-time = "2026-01-19T07:59:30.537Z" },
    { url = "https://files.pythonhosted.org/packages/df/22/06c1079d93dbc3bca5d013e1795f3d8b9ed6c87290acd6913c1c526a6bb2/pytokens-0.4.0-cp314-cp314t-manylinux2014_x86_64.manylinux_2_17_x86_64.manylinux_2_28_x86_64.whl", hash = "sha256:0cdca8159df407dbd669145af4171a0d967006e0be25f3b520896bc7068f02c4", size = 302490, upload-time = "2026-01-19T07:59:32.352Z" },
    { url = "https://files.pythonhosted.org/packages/8d/de/a6f5e43115b4fbf4b93aa87d6c83c79932cdb084f9711daae04549e1e4ad/pytokens-0.4.0-cp314-cp314t-musllinux_1_2_x86_64.whl", hash = "sha256:4b5770abeb2a24347380a1164a558f0ebe06e98aedbd54c45f7929527a5fb26e", size = 305652, upload-time = "2026-01-19T07:59:33.685Z" },
    { url = "https://files.pythonhosted.org/packages/ab/3d/c136e057cb622e36e0c3ff7a8aaa19ff9720050c4078235691da885fe6ee/pytokens-0.4.0-cp314-cp314t-win_amd64.whl", hash = "sha256:74500d72c561dad14c037a9e86a657afd63e277dd5a3bb7570932ab7a3b12551", size = 115472, upload-time = "2026-01-19T07:59:34.734Z" },
    { url = "https://files.pythonhosted.org/packages/7c/3c/6941a82f4f130af6e1c68c076b6789069ef10c04559bd4733650f902fd3b/pytokens-0.4.0-py3-none-any.whl", hash = "sha256:0508d11b4de157ee12063901603be87fb0253e8f4cb9305eb168b1202ab92068", size = 13224, upload-time = "2026-01-19T07:59:49.822Z" },
]

[[package]]
name = "pytz"
version = "2025.2"
source = { registry = "https://pypi.org/simple" }
sdist = { url = "https://files.pythonhosted.org/packages/f8/bf/abbd3cdfb8fbc7fb3d4d38d320f2441b1e7cbe29be4f23797b4a2b5d8aac/pytz-2025.2.tar.gz", hash = "sha256:360b9e3dbb49a209c21ad61809c7fb453643e048b38924c765813546746e81c3", size = 320884, upload-time = "2025-03-25T02:25:00.538Z" }
wheels = [
    { url = "https://files.pythonhosted.org/packages/81/c4/34e93fe5f5429d7570ec1fa436f1986fb1f00c3e0f43a589fe2bbcd22c3f/pytz-2025.2-py2.py3-none-any.whl", hash = "sha256:5ddf76296dd8c44c26eb8f4b6f35488f3ccbf6fbbd7adee0b7262d43f0ec2f00", size = 509225, upload-time = "2025-03-25T02:24:58.468Z" },
]

[[package]]
name = "ruff"
version = "0.14.13"
source = { registry = "https://pypi.org/simple" }
sdist = { url = "https://files.pythonhosted.org/packages/50/0a/1914efb7903174b381ee2ffeebb4253e729de57f114e63595114c8ca451f/ruff-0.14.13.tar.gz", hash = "sha256:83cd6c0763190784b99650a20fec7633c59f6ebe41c5cc9d45ee42749563ad47", size = 6059504, upload-time = "2026-01-15T20:15:16.918Z" }
wheels = [
    { url = "https://files.pythonhosted.org/packages/c3/ae/0deefbc65ca74b0ab1fd3917f94dc3b398233346a74b8bbb0a916a1a6bf6/ruff-0.14.13-py3-none-linux_armv6l.whl", hash = "sha256:76f62c62cd37c276cb03a275b198c7c15bd1d60c989f944db08a8c1c2dbec18b", size = 13062418, upload-time = "2026-01-15T20:14:50.779Z" },
    { url = "https://files.pythonhosted.org/packages/47/df/5916604faa530a97a3c154c62a81cb6b735c0cb05d1e26d5ad0f0c8ac48a/ruff-0.14.13-py3-none-macosx_10_12_x86_64.whl", hash = "sha256:914a8023ece0528d5cc33f5a684f5f38199bbb566a04815c2c211d8f40b5d0ed", size = 13442344, upload-time = "2026-01-15T20:15:07.94Z" },
    { url = "https://files.pythonhosted.org/packages/4c/f3/e0e694dd69163c3a1671e102aa574a50357536f18a33375050334d5cd517/ruff-0.14.13-py3-none-macosx_11_0_arm64.whl", hash = "sha256:d24899478c35ebfa730597a4a775d430ad0d5631b8647a3ab368c29b7e7bd063", size = 12354720, upload-time = "2026-01-15T20:15:09.854Z" },
    { url = "https://files.pythonhosted.org/packages/c3/e8/67f5fcbbaee25e8fc3b56cc33e9892eca7ffe09f773c8e5907757a7e3bdb/ruff-0.14.13-py3-none-manylinux_2_17_aarch64.manylinux2014_aarch64.whl", hash = "sha256:9aaf3870f14d925bbaf18b8a2347ee0ae7d95a2e490e4d4aea6813ed15ebc80e", size = 12774493, upload-time = "2026-01-15T20:15:20.908Z" },
    { url = "https://files.pythonhosted.org/packages/6b/ce/d2e9cb510870b52a9565d885c0d7668cc050e30fa2c8ac3fb1fda15c083d/ruff-0.14.13-py3-none-manylinux_2_17_armv7l.manylinux2014_armv7l.whl", hash = "sha256:ac5b7f63dd3b27cc811850f5ffd8fff845b00ad70e60b043aabf8d6ecc304e09", size = 12815174, upload-time = "2026-01-15T20:15:05.74Z" },
    { url = "https://files.pythonhosted.org/packages/88/00/c38e5da58beebcf4fa32d0ddd993b63dfacefd02ab7922614231330845bf/ruff-0.14.13-py3-none-manylinux_2_17_i686.manylinux2014_i686.whl", hash = "sha256:78d2b1097750d90ba82ce4ba676e85230a0ed694178ca5e61aa9b459970b3eb9", size = 13680909, upload-time = "2026-01-15T20:15:14.537Z" },
    { url = "https://files.pythonhosted.org/packages/61/61/cd37c9dd5bd0a3099ba79b2a5899ad417d8f3b04038810b0501a80814fd7/ruff-0.14.13-py3-none-manylinux_2_17_ppc64.manylinux2014_ppc64.whl", hash = "sha256:7d0bf87705acbbcb8d4c24b2d77fbb73d40210a95c3903b443cd9e30824a5032", size = 15144215, upload-time = "2026-01-15T20:15:22.886Z" },
    { url = "https://files.pythonhosted.org/packages/56/8a/85502d7edbf98c2df7b8876f316c0157359165e16cdf98507c65c8d07d3d/ruff-0.14.13-py3-none-manylinux_2_17_ppc64le.manylinux2014_ppc64le.whl", hash = "sha256:a3eb5da8e2c9e9f13431032fdcbe7681de9ceda5835efee3269417c13f1fed5c", size = 14706067, upload-time = "2026-01-15T20:14:48.271Z" },
    { url = "https://files.pythonhosted.org/packages/7e/2f/de0df127feb2ee8c1e54354dc1179b4a23798f0866019528c938ba439aca/ruff-0.14.13-py3-none-manylinux_2_17_s390x.manylinux2014_s390x.whl", hash = "sha256:642442b42957093811cd8d2140dfadd19c7417030a7a68cf8d51fcdd5f217427", size = 14133916, upload-time = "2026-01-15T20:14:57.357Z" },
    { url = "https://files.pythonhosted.org/packages/0d/77/9b99686bb9fe07a757c82f6f95e555c7a47801a9305576a9c67e0a31d280/ruff-0.14.13-py3-none-manylinux_2_17_x86_64.manylinux2014_x86_64.whl", hash = "sha256:4acdf009f32b46f6e8864af19cbf6841eaaed8638e65c8dac845aea0d703c841", size = 13859207, upload-time = "2026-01-15T20:14:55.111Z" },
    { url = "https://files.pythonhosted.org/packages/7d/46/2bdcb34a87a179a4d23022d818c1c236cb40e477faf0d7c9afb6813e5876/ruff-0.14.13-py3-none-manylinux_2_31_riscv64.whl", hash = "sha256:591a7f68860ea4e003917d19b5c4f5ac39ff558f162dc753a2c5de897fd5502c", size = 14043686, upload-time = "2026-01-15T20:14:52.841Z" },
    { url = "https://files.pythonhosted.org/packages/1a/a9/5c6a4f56a0512c691cf143371bcf60505ed0f0860f24a85da8bd123b2bf1/ruff-0.14.13-py3-none-musllinux_1_2_aarch64.whl", hash = "sha256:774c77e841cc6e046fc3e91623ce0903d1cd07e3a36b1a9fe79b81dab3de506b", size = 12663837, upload-time = "2026-01-15T20:15:18.921Z" },
    { url = "https://files.pythonhosted.org/packages/fe/bb/b920016ece7651fa7fcd335d9d199306665486694d4361547ccb19394c44/ruff-0.14.13-py3-none-musllinux_1_2_armv7l.whl", hash = "sha256:61f4e40077a1248436772bb6512db5fc4457fe4c49e7a94ea7c5088655dd21ae", size = 12805867, upload-time = "2026-01-15T20:14:59.272Z" },
    { url = "https://files.pythonhosted.org/packages/7d/b3/0bd909851e5696cd21e32a8fc25727e5f58f1934b3596975503e6e85415c/ruff-0.14.13-py3-none-musllinux_1_2_i686.whl", hash = "sha256:6d02f1428357fae9e98ac7aa94b7e966fd24151088510d32cf6f902d6c09235e", size = 13208528, upload-time = "2026-01-15T20:15:03.732Z" },
    { url = "https://files.pythonhosted.org/packages/3b/3b/e2d94cb613f6bbd5155a75cbe072813756363eba46a3f2177a1fcd0cd670/ruff-0.14.13-py3-none-musllinux_1_2_x86_64.whl", hash = "sha256:e399341472ce15237be0c0ae5fbceca4b04cd9bebab1a2b2c979e015455d8f0c", size = 13929242, upload-time = "2026-01-15T20:15:11.918Z" },
    { url = "https://files.pythonhosted.org/packages/6a/c5/abd840d4132fd51a12f594934af5eba1d5d27298a6f5b5d6c3be45301caf/ruff-0.14.13-py3-none-win32.whl", hash = "sha256:ef720f529aec113968b45dfdb838ac8934e519711da53a0456038a0efecbd680", size = 12919024, upload-time = "2026-01-15T20:14:43.647Z" },
    { url = "https://files.pythonhosted.org/packages/c2/55/6384b0b8ce731b6e2ade2b5449bf07c0e4c31e8a2e68ea65b3bafadcecc5/ruff-0.14.13-py3-none-win_amd64.whl", hash = "sha256:6070bd026e409734b9257e03e3ef18c6e1a216f0435c6751d7a8ec69cb59abef", size = 14097887, upload-time = "2026-01-15T20:15:01.48Z" },
    { url = "https://files.pythonhosted.org/packages/4d/e1/7348090988095e4e39560cfc2f7555b1b2a7357deba19167b600fdf5215d/ruff-0.14.13-py3-none-win_arm64.whl", hash = "sha256:7ab819e14f1ad9fe39f246cfcc435880ef7a9390d81a2b6ac7e01039083dd247", size = 13080224, upload-time = "2026-01-15T20:14:45.853Z" },
]

[[package]]
name = "sqlparse"
version = "0.5.5"
source = { registry = "https://pypi.org/simple" }
sdist = { url = "https://files.pythonhosted.org/packages/90/76/437d71068094df0726366574cf3432a4ed754217b436eb7429415cf2d480/sqlparse-0.5.5.tar.gz", hash = "sha256:e20d4a9b0b8585fdf63b10d30066c7c94c5d7a7ec47c889a2d83a3caa93ff28e", size = 120815, upload-time = "2025-12-19T07:17:45.073Z" }
wheels = [
    { url = "https://files.pythonhosted.org/packages/49/4b/359f28a903c13438ef59ebeee215fb25da53066db67b305c125f1c6d2a25/sqlparse-0.5.5-py3-none-any.whl", hash = "sha256:12a08b3bf3eec877c519589833aed092e2444e68240a3577e8e26148acc7b1ba", size = 46138, upload-time = "2025-12-19T07:17:46.573Z" },
]

[[package]]
name = "tzdata"
version = "2025.3"
source = { registry = "https://pypi.org/simple" }
sdist = { url = "https://files.pythonhosted.org/packages/5e/a7/c202b344c5ca7daf398f3b8a477eeb205cf3b6f32e7ec3a6bac0629ca975/tzdata-2025.3.tar.gz", hash = "sha256:de39c2ca5dc7b0344f2eba86f49d614019d29f060fc4ebc8a417896a620b56a7", size = 196772, upload-time = "2025-12-13T17:45:35.667Z" }
wheels = [
    { url = "https://files.pythonhosted.org/packages/c7/b0/003792df09decd6849a5e39c28b513c06e84436a54440380862b5aeff25d/tzdata-2025.3-py2.py3-none-any.whl", hash = "sha256:06a47e5700f3081aab02b2e513160914ff0694bce9947d6b76ebd6bf57cfc5d1", size = 348521, upload-time = "2025-12-13T17:45:33.889Z" },
]
