version = 1
revision = 3
requires-python = ">=3.11"

[[package]]
name = "asgiref"
version = "3.11.0"
source = { registry = "https://pypi.org/simple" }
sdist = { url = "https://files.pythonhosted.org/packages/76/b9/4db2509eabd14b4a8c71d1b24c8d5734c52b8560a7b1e1a8b56c8d25568b/asgiref-3.11.0.tar.gz", hash = "sha256:13acff32519542a1736223fb79a715acdebe24286d98e8b164a73085f40da2c4", size = 37969, upload-time = "2025-11-19T15:32:20.106Z" }
wheels = [
    { url = "https://files.pythonhosted.org/packages/91/be/317c2c55b8bbec407257d45f5c8d1b6867abc76d12043f2d3d58c538a4ea/asgiref-3.11.0-py3-none-any.whl", hash = "sha256:1db9021efadb0d9512ce8ffaf72fcef601c7b73a8807a1bb2ef143dc6b14846d", size = 24096, upload-time = "2025-11-19T15:32:19.004Z" },
]

[[package]]
name = "black"
version = "25.12.0"
source = { registry = "https://pypi.org/simple" }
dependencies = [
    { name = "click" },
    { name = "mypy-extensions" },
    { name = "packaging" },
    { name = "pathspec" },
    { name = "platformdirs" },
    { name = "pytokens" },
]
sdist = { url = "https://files.pythonhosted.org/packages/c4/d9/07b458a3f1c525ac392b5edc6b191ff140b596f9d77092429417a54e249d/black-25.12.0.tar.gz", hash = "sha256:8d3dd9cea14bff7ddc0eb243c811cdb1a011ebb4800a5f0335a01a68654796a7", size = 659264, upload-time = "2025-12-08T01:40:52.501Z" }
wheels = [
    { url = "https://files.pythonhosted.org/packages/60/ad/7ac0d0e1e0612788dbc48e62aef8a8e8feffac7eb3d787db4e43b8462fa8/black-25.12.0-cp311-cp311-macosx_10_9_x86_64.whl", hash = "sha256:d0cfa263e85caea2cff57d8f917f9f51adae8e20b610e2b23de35b5b11ce691a", size = 1877003, upload-time = "2025-12-08T01:43:29.967Z" },
    { url = "https://files.pythonhosted.org/packages/e8/dd/a237e9f565f3617a88b49284b59cbca2a4f56ebe68676c1aad0ce36a54a7/black-25.12.0-cp311-cp311-macosx_11_0_arm64.whl", hash = "sha256:1a2f578ae20c19c50a382286ba78bfbeafdf788579b053d8e4980afb079ab9be", size = 1712639, upload-time = "2025-12-08T01:52:46.756Z" },
    { url = "https://files.pythonhosted.org/packages/12/80/e187079df1ea4c12a0c63282ddd8b81d5107db6d642f7d7b75a6bcd6fc21/black-25.12.0-cp311-cp311-manylinux2014_x86_64.manylinux_2_17_x86_64.manylinux_2_28_x86_64.whl", hash = "sha256:d3e1b65634b0e471d07ff86ec338819e2ef860689859ef4501ab7ac290431f9b", size = 1758143, upload-time = "2025-12-08T01:45:29.137Z" },
    { url = "https://files.pythonhosted.org/packages/93/b5/3096ccee4f29dc2c3aac57274326c4d2d929a77e629f695f544e159bfae4/black-25.12.0-cp311-cp311-win_amd64.whl", hash = "sha256:a3fa71e3b8dd9f7c6ac4d818345237dfb4175ed3bf37cd5a581dbc4c034f1ec5", size = 1420698, upload-time = "2025-12-08T01:45:53.379Z" },
    { url = "https://files.pythonhosted.org/packages/7e/39/f81c0ffbc25ffbe61c7d0385bf277e62ffc3e52f5ee668d7369d9854fadf/black-25.12.0-cp311-cp311-win_arm64.whl", hash = "sha256:51e267458f7e650afed8445dc7edb3187143003d52a1b710c7321aef22aa9655", size = 1229317, upload-time = "2025-12-08T01:46:35.606Z" },
    { url = "https://files.pythonhosted.org/packages/d1/bd/26083f805115db17fda9877b3c7321d08c647df39d0df4c4ca8f8450593e/black-25.12.0-cp312-cp312-macosx_10_13_x86_64.whl", hash = "sha256:31f96b7c98c1ddaeb07dc0f56c652e25bdedaac76d5b68a059d998b57c55594a", size = 1924178, upload-time = "2025-12-08T01:49:51.048Z" },
    { url = "https://files.pythonhosted.org/packages/89/6b/ea00d6651561e2bdd9231c4177f4f2ae19cc13a0b0574f47602a7519b6ca/black-25.12.0-cp312-cp312-macosx_11_0_arm64.whl", hash = "sha256:05dd459a19e218078a1f98178c13f861fe6a9a5f88fc969ca4d9b49eb1809783", size = 1742643, upload-time = "2025-12-08T01:49:59.09Z" },
    { url = "https://files.pythonhosted.org/packages/6d/f3/360fa4182e36e9875fabcf3a9717db9d27a8d11870f21cff97725c54f35b/black-25.12.0-cp312-cp312-manylinux2014_x86_64.manylinux_2_17_x86_64.manylinux_2_28_x86_64.whl", hash = "sha256:c1f68c5eff61f226934be6b5b80296cf6939e5d2f0c2f7d543ea08b204bfaf59", size = 1800158, upload-time = "2025-12-08T01:44:27.301Z" },
    { url = "https://files.pythonhosted.org/packages/f8/08/2c64830cb6616278067e040acca21d4f79727b23077633953081c9445d61/black-25.12.0-cp312-cp312-win_amd64.whl", hash = "sha256:274f940c147ddab4442d316b27f9e332ca586d39c85ecf59ebdea82cc9ee8892", size = 1426197, upload-time = "2025-12-08T01:45:51.198Z" },
    { url = "https://files.pythonhosted.org/packages/d4/60/a93f55fd9b9816b7432cf6842f0e3000fdd5b7869492a04b9011a133ee37/black-25.12.0-cp312-cp312-win_arm64.whl", hash = "sha256:169506ba91ef21e2e0591563deda7f00030cb466e747c4b09cb0a9dae5db2f43", size = 1237266, upload-time = "2025-12-08T01:45:10.556Z" },
    { url = "https://files.pythonhosted.org/packages/c8/52/c551e36bc95495d2aa1a37d50566267aa47608c81a53f91daa809e03293f/black-25.12.0-cp313-cp313-macosx_10_13_x86_64.whl", hash = "sha256:a05ddeb656534c3e27a05a29196c962877c83fa5503db89e68857d1161ad08a5", size = 1923809, upload-time = "2025-12-08T01:46:55.126Z" },
    { url = "https://files.pythonhosted.org/packages/a0/f7/aac9b014140ee56d247e707af8db0aae2e9efc28d4a8aba92d0abd7ae9d1/black-25.12.0-cp313-cp313-macosx_11_0_arm64.whl", hash = "sha256:9ec77439ef3e34896995503865a85732c94396edcc739f302c5673a2315e1e7f", size = 1742384, upload-time = "2025-12-08T01:49:37.022Z" },
    { url = "https://files.pythonhosted.org/packages/74/98/38aaa018b2ab06a863974c12b14a6266badc192b20603a81b738c47e902e/black-25.12.0-cp313-cp313-manylinux2014_x86_64.manylinux_2_17_x86_64.manylinux_2_28_x86_64.whl", hash = "sha256:0e509c858adf63aa61d908061b52e580c40eae0dfa72415fa47ac01b12e29baf", size = 1798761, upload-time = "2025-12-08T01:46:05.386Z" },
    { url = "https://files.pythonhosted.org/packages/16/3a/a8ac542125f61574a3f015b521ca83b47321ed19bb63fe6d7560f348bfe1/black-25.12.0-cp313-cp313-win_amd64.whl", hash = "sha256:252678f07f5bac4ff0d0e9b261fbb029fa530cfa206d0a636a34ab445ef8ca9d", size = 1429180, upload-time = "2025-12-08T01:45:34.903Z" },
    { url = "https://files.pythonhosted.org/packages/e6/2d/bdc466a3db9145e946762d52cd55b1385509d9f9004fec1c97bdc8debbfb/black-25.12.0-cp313-cp313-win_arm64.whl", hash = "sha256:bc5b1c09fe3c931ddd20ee548511c64ebf964ada7e6f0763d443947fd1c603ce", size = 1239350, upload-time = "2025-12-08T01:46:09.458Z" },
    { url = "https://files.pythonhosted.org/packages/35/46/1d8f2542210c502e2ae1060b2e09e47af6a5e5963cb78e22ec1a11170b28/black-25.12.0-cp314-cp314-macosx_10_15_x86_64.whl", hash = "sha256:0a0953b134f9335c2434864a643c842c44fba562155c738a2a37a4d61f00cad5", size = 1917015, upload-time = "2025-12-08T01:53:27.987Z" },
    { url = "https://files.pythonhosted.org/packages/41/37/68accadf977672beb8e2c64e080f568c74159c1aaa6414b4cd2aef2d7906/black-25.12.0-cp314-cp314-macosx_11_0_arm64.whl", hash = "sha256:2355bbb6c3b76062870942d8cc450d4f8ac71f9c93c40122762c8784df49543f", size = 1741830, upload-time = "2025-12-08T01:54:36.861Z" },
    { url = "https://files.pythonhosted.org/packages/ac/76/03608a9d8f0faad47a3af3a3c8c53af3367f6c0dd2d23a84710456c7ac56/black-25.12.0-cp314-cp314-manylinux2014_x86_64.manylinux_2_17_x86_64.manylinux_2_28_x86_64.whl", hash = "sha256:9678bd991cc793e81d19aeeae57966ee02909877cb65838ccffef24c3ebac08f", size = 1791450, upload-time = "2025-12-08T01:44:52.581Z" },
    { url = "https://files.pythonhosted.org/packages/06/99/b2a4bd7dfaea7964974f947e1c76d6886d65fe5d24f687df2d85406b2609/black-25.12.0-cp314-cp314-win_amd64.whl", hash = "sha256:97596189949a8aad13ad12fcbb4ae89330039b96ad6742e6f6b45e75ad5cfd83", size = 1452042, upload-time = "2025-12-08T01:46:13.188Z" },
    { url = "https://files.pythonhosted.org/packages/b2/7c/d9825de75ae5dd7795d007681b752275ea85a1c5d83269b4b9c754c2aaab/black-25.12.0-cp314-cp314-win_arm64.whl", hash = "sha256:778285d9ea197f34704e3791ea9404cd6d07595745907dd2ce3da7a13627b29b", size = 1267446, upload-time = "2025-12-08T01:46:14.497Z" },
    { url = "https://files.pythonhosted.org/packages/68/11/21331aed19145a952ad28fca2756a1433ee9308079bd03bd898e903a2e53/black-25.12.0-py3-none-any.whl", hash = "sha256:48ceb36c16dbc84062740049eef990bb2ce07598272e673c17d1a7720c71c828", size = 206191, upload-time = "2025-12-08T01:40:50.963Z" },
]

[[package]]
name = "click"
version = "8.3.1"
source = { registry = "https://pypi.org/simple" }
dependencies = [
    { name = "colorama", marker = "sys_platform == 'win32'" },
]
sdist = { url = "https://files.pythonhosted.org/packages/3d/fa/656b739db8587d7b5dfa22e22ed02566950fbfbcdc20311993483657a5c0/click-8.3.1.tar.gz", hash = "sha256:12ff4785d337a1bb490bb7e9c2b1ee5da3112e94a8622f26a6c77f5d2fc6842a", size = 295065, upload-time = "2025-11-15T20:45:42.706Z" }
wheels = [
    { url = "https://files.pythonhosted.org/packages/98/78/01c019cdb5d6498122777c1a43056ebb3ebfeef2076d9d026bfe15583b2b/click-8.3.1-py3-none-any.whl", hash = "sha256:981153a64e25f12d547d3426c367a4857371575ee7ad18df2a6183ab0545b2a6", size = 108274, upload-time = "2025-11-15T20:45:41.139Z" },
]

[[package]]
name = "colorama"
version = "0.4.6"
source = { registry = "https://pypi.org/simple" }
sdist = { url = "https://files.pythonhosted.org/packages/d8/53/6f443c9a4a8358a93a6792e2acffb9d9d5cb0a5cfd8802644b7b1c9a02e4/colorama-0.4.6.tar.gz", hash = "sha256:08695f5cb7ed6e0531a20572697297273c47b8cae5a63ffc6d6ed5c201be6e44", size = 27697, upload-time = "2022-10-25T02:36:22.414Z" }
wheels = [
    { url = "https://files.pythonhosted.org/packages/d1/d6/3965ed04c63042e047cb6a3e6ed1a63a35087b6a609aa3a15ed8ac56c221/colorama-0.4.6-py2.py3-none-any.whl", hash = "sha256:4f1d9991f5acc0ca119f9d443620b77f9d6b33703e51011c16baf57afb285fc6", size = 25335, upload-time = "2022-10-25T02:36:20.889Z" },
]

[[package]]
name = "django"
version = "5.1.15"
source = { registry = "https://pypi.org/simple" }
dependencies = [
    { name = "asgiref" },
    { name = "sqlparse" },
    { name = "tzdata", marker = "sys_platform == 'win32'" },
]
sdist = { url = "https://files.pythonhosted.org/packages/10/45/1ac68964193cfcc0b0912a0f68025d5bdb54f71ba7b8716e85b959874bd0/django-5.1.15.tar.gz", hash = "sha256:46a356b5ff867bece73fc6365e081f21c569973403ee7e9b9a0316f27d0eb947", size = 10719662, upload-time = "2025-12-02T14:01:31.931Z" }
wheels = [
    { url = "https://files.pythonhosted.org/packages/27/79/372e091f0eba4ddb8228245ccd1baaa140e9658711f5e3a0056e540b4c1e/django-5.1.15-py3-none-any.whl", hash = "sha256:117871e58d6eda37f09870b7d73a3d66567b03aecd515b386b1751177c413432", size = 8260901, upload-time = "2025-12-02T14:01:27.352Z" },
]

[[package]]
name = "django-vite"
version = "3.1.0"
source = { registry = "https://pypi.org/simple" }
dependencies = [
    { name = "django" },
]
sdist = { url = "https://files.pythonhosted.org/packages/23/fe/4be07f538bbf9bf8bf73b045552ec2a1b4fba67e3176abb30490b643368e/django_vite-3.1.0.tar.gz", hash = "sha256:8b4ffe4a9fa81ff568bfb195e74dde8694aaf13fd4b656ae60bf59cce08b85e8", size = 25434, upload-time = "2025-02-23T15:32:07.914Z" }
wheels = [
    { url = "https://files.pythonhosted.org/packages/30/59/7df4b1077fa41b43b4e542696d75138dbb86a65f44248c607b3e0f1014ce/django_vite-3.1.0-py3-none-any.whl", hash = "sha256:4e46572bd6b1ce70784be129205dc2ffcbc7a3c19fea50bebfb72b327bbde5fc", size = 23579, upload-time = "2025-02-23T15:32:06.603Z" },
]

[[package]]
name = "djangovue"
version = "0.1.0"
source = { editable = "." }
dependencies = [
    { name = "django" },
    { name = "django-vite" },
    { name = "pytz" },
]

[package.optional-dependencies]
dev = [
    { name = "black" },
    { name = "ruff" },
]

[package.metadata]
requires-dist = [
    { name = "black", marker = "extra == 'dev'", specifier = ">=23.0.0" },
    { name = "django", specifier = ">=5.1,<5.2" },
    { name = "django-vite", specifier = ">=3.1.0" },
    { name = "pytz", specifier = ">=2023.3" },
    { name = "ruff", marker = "extra == 'dev'", specifier = ">=0.1.0" },
]
provides-extras = ["dev"]

[[package]]
name = "mypy-extensions"
version = "1.1.0"
source = { registry = "https://pypi.org/simple" }
sdist = { url = "https://files.pythonhosted.org/packages/a2/6e/371856a3fb9d31ca8dac321cda606860fa4548858c0cc45d9d1d4ca2628b/mypy_extensions-1.1.0.tar.gz", hash = "sha256:52e68efc3284861e772bbcd66823fde5ae21fd2fdb51c62a211403730b916558", size = 6343, upload-time = "2025-04-22T14:54:24.164Z" }
wheels = [
    { url = "https://files.pythonhosted.org/packages/79/7b/2c79738432f5c924bef5071f933bcc9efd0473bac3b4aa584a6f7c1c8df8/mypy_extensions-1.1.0-py3-none-any.whl", hash = "sha256:1be4cccdb0f2482337c4743e60421de3a356cd97508abadd57d47403e94f5505", size = 4963, upload-time = "2025-04-22T14:54:22.983Z" },
]

[[package]]
name = "packaging"
version = "25.0"
source = { registry = "https://pypi.org/simple" }
sdist = { url = "https://files.pythonhosted.org/packages/a1/d4/1fc4078c65507b51b96ca8f8c3ba19e6a61c8253c72794544580a7b6c24d/packaging-25.0.tar.gz", hash = "sha256:d443872c98d677bf60f6a1f2f8c1cb748e8fe762d2bf9d3148b5599295b0fc4f", size = 165727, upload-time = "2025-04-19T11:48:59.673Z" }
wheels = [
    { url = "https://files.pythonhosted.org/packages/20/12/38679034af332785aac8774540895e234f4d07f7545804097de4b666afd8/packaging-25.0-py3-none-any.whl", hash = "sha256:29572ef2b1f17581046b3a2227d5c611fb25ec70ca1ba8554b24b0e69331a484", size = 66469, upload-time = "2025-04-19T11:48:57.875Z" },
]

[[package]]
name = "pathspec"
version = "1.0.3"
source = { registry = "https://pypi.org/simple" }
sdist = { url = "https://files.pythonhosted.org/packages/4c/b2/bb8e495d5262bfec41ab5cb18f522f1012933347fb5d9e62452d446baca2/pathspec-1.0.3.tar.gz", hash = "sha256:bac5cf97ae2c2876e2d25ebb15078eb04d76e4b98921ee31c6f85ade8b59444d", size = 130841, upload-time = "2026-01-09T15:46:46.009Z" }
wheels = [
    { url = "https://files.pythonhosted.org/packages/32/2b/121e912bd60eebd623f873fd090de0e84f322972ab25a7f9044c056804ed/pathspec-1.0.3-py3-none-any.whl", hash = "sha256:e80767021c1cc524aa3fb14bedda9c34406591343cc42797b386ce7b9354fb6c", size = 55021, upload-time = "2026-01-09T15:46:44.652Z" },
]

[[package]]
name = "platformdirs"
version = "4.5.1"
source = { registry = "https://pypi.org/simple" }
sdist = { url = "https://files.pythonhosted.org/packages/cf/86/0248f086a84f01b37aaec0fa567b397df1a119f73c16f6c7a9aac73ea309/platformdirs-4.5.1.tar.gz", hash = "sha256:61d5cdcc6065745cdd94f0f878977f8de9437be93de97c1c12f853c9c0cdcbda", size = 21715, upload-time = "2025-12-05T13:52:58.638Z" }
wheels = [
    { url = "https://files.pythonhosted.org/packages/cb/28/3bfe2fa5a7b9c46fe7e13c97bda14c895fb10fa2ebf1d0abb90e0cea7ee1/platformdirs-4.5.1-py3-none-any.whl", hash = "sha256:d03afa3963c806a9bed9d5125c8f4cb2fdaf74a55ab60e5d59b3fde758104d31", size = 18731, upload-time = "2025-12-05T13:52:56.823Z" },
]

[[package]]
name = "pytokens"
version = "0.3.0"
source = { registry = "https://pypi.org/simple" }
sdist = { url = "https://files.pythonhosted.org/packages/4e/8d/a762be14dae1c3bf280202ba3172020b2b0b4c537f94427435f19c413b72/pytokens-0.3.0.tar.gz", hash = "sha256:2f932b14ed08de5fcf0b391ace2642f858f1394c0857202959000b68ed7a458a", size = 17644, upload-time = "2025-11-05T13:36:35.34Z" }
wheels = [
    { url = "https://files.pythonhosted.org/packages/84/25/d9db8be44e205a124f6c98bc0324b2bb149b7431c53877fc6d1038dddaf5/pytokens-0.3.0-py3-none-any.whl", hash = "sha256:95b2b5eaf832e469d141a378872480ede3f251a5a5041b8ec6e581d3ac71bbf3", size = 12195, upload-time = "2025-11-05T13:36:33.183Z" },
]

[[package]]
name = "pytz"
version = "2025.2"
source = { registry = "https://pypi.org/simple" }
sdist = { url = "https://files.pythonhosted.org/packages/f8/bf/abbd3cdfb8fbc7fb3d4d38d320f2441b1e7cbe29be4f23797b4a2b5d8aac/pytz-2025.2.tar.gz", hash = "sha256:360b9e3dbb49a209c21ad61809c7fb453643e048b38924c765813546746e81c3", size = 320884, upload-time = "2025-03-25T02:25:00.538Z" }
wheels = [
    { url = "https://files.pythonhosted.org/packages/81/c4/34e93fe5f5429d7570ec1fa436f1986fb1f00c3e0f43a589fe2bbcd22c3f/pytz-2025.2-py2.py3-none-any.whl", hash = "sha256:5ddf76296dd8c44c26eb8f4b6f35488f3ccbf6fbbd7adee0b7262d43f0ec2f00", size = 509225, upload-time = "2025-03-25T02:24:58.468Z" },
]

[[package]]
name = "ruff"
version = "0.14.11"
source = { registry = "https://pypi.org/simple" }
sdist = { url = "https://files.pythonhosted.org/packages/d4/77/9a7fe084d268f8855d493e5031ea03fa0af8cc05887f638bf1c4e3363eb8/ruff-0.14.11.tar.gz", hash = "sha256:f6dc463bfa5c07a59b1ff2c3b9767373e541346ea105503b4c0369c520a66958", size = 5993417, upload-time = "2026-01-08T19:11:58.322Z" }
wheels = [
    { url = "https://files.pythonhosted.org/packages/f0/a6/a4c40a5aaa7e331f245d2dc1ac8ece306681f52b636b40ef87c88b9f7afd/ruff-0.14.11-py3-none-linux_armv6l.whl", hash = "sha256:f6ff2d95cbd335841a7217bdfd9c1d2e44eac2c584197ab1385579d55ff8830e", size = 12951208, upload-time = "2026-01-08T19:12:09.218Z" },
    { url = "https://files.pythonhosted.org/packages/5c/5c/360a35cb7204b328b685d3129c08aca24765ff92b5a7efedbdd6c150d555/ruff-0.14.11-py3-none-macosx_10_12_x86_64.whl", hash = "sha256:6f6eb5c1c8033680f4172ea9c8d3706c156223010b8b97b05e82c59bdc774ee6", size = 13330075, upload-time = "2026-01-08T19:12:02.549Z" },
    { url = "https://files.pythonhosted.org/packages/1b/9e/0cc2f1be7a7d33cae541824cf3f95b4ff40d03557b575912b5b70273c9ec/ruff-0.14.11-py3-none-macosx_11_0_arm64.whl", hash = "sha256:f2fc34cc896f90080fca01259f96c566f74069a04b25b6205d55379d12a6855e", size = 12257809, upload-time = "2026-01-08T19:12:00.366Z" },
    { url = "https://files.pythonhosted.org/packages/a7/e5/5faab97c15bb75228d9f74637e775d26ac703cc2b4898564c01ab3637c02/ruff-0.14.11-py3-none-manylinux_2_17_aarch64.manylinux2014_aarch64.whl", hash = "sha256:53386375001773ae812b43205d6064dae49ff0968774e6befe16a994fc233caa", size = 12678447, upload-time = "2026-01-08T19:12:13.899Z" },
    { url = "https://files.pythonhosted.org/packages/1b/33/e9767f60a2bef779fb5855cab0af76c488e0ce90f7bb7b8a45c8a2ba4178/ruff-0.14.11-py3-none-manylinux_2_17_armv7l.manylinux2014_armv7l.whl", hash = "sha256:a697737dce1ca97a0a55b5ff0434ee7205943d4874d638fe3ae66166ff46edbe", size = 12758560, upload-time = "2026-01-08T19:11:42.55Z" },
    { url = "https://files.pythonhosted.org/packages/eb/84/4c6cf627a21462bb5102f7be2a320b084228ff26e105510cd2255ea868e5/ruff-0.14.11-py3-none-manylinux_2_17_i686.manylinux2014_i686.whl", hash = "sha256:6845ca1da8ab81ab1dce755a32ad13f1db72e7fba27c486d5d90d65e04d17b8f", size = 13599296, upload-time = "2026-01-08T19:11:30.371Z" },
    { url = "https://files.pythonhosted.org/packages/88/e1/92b5ed7ea66d849f6157e695dc23d5d6d982bd6aa8d077895652c38a7cae/ruff-0.14.11-py3-none-manylinux_2_17_ppc64.manylinux2014_ppc64.whl", hash = "sha256:e36ce2fd31b54065ec6f76cb08d60159e1b32bdf08507862e32f47e6dde8bcbf", size = 15048981, upload-time = "2026-01-08T19:12:04.742Z" },
    { url = "https://files.pythonhosted.org/packages/61/df/c1bd30992615ac17c2fb64b8a7376ca22c04a70555b5d05b8f717163cf9f/ruff-0.14.11-py3-none-manylinux_2_17_ppc64le.manylinux2014_ppc64le.whl", hash = "sha256:590bcc0e2097ecf74e62a5c10a6b71f008ad82eb97b0a0079e85defe19fe74d9", size = 14633183, upload-time = "2026-01-08T19:11:40.069Z" },
    { url = "https://files.pythonhosted.org/packages/04/e9/fe552902f25013dd28a5428a42347d9ad20c4b534834a325a28305747d64/ruff-0.14.11-py3-none-manylinux_2_17_s390x.manylinux2014_s390x.whl", hash = "sha256:53fe71125fc158210d57fe4da26e622c9c294022988d08d9347ec1cf782adafe", size = 14050453, upload-time = "2026-01-08T19:11:37.555Z" },
    { url = "https://files.pythonhosted.org/packages/ae/93/f36d89fa021543187f98991609ce6e47e24f35f008dfe1af01379d248a41/ruff-0.14.11-py3-none-manylinux_2_17_x86_64.manylinux2014_x86_64.whl", hash = "sha256:a35c9da08562f1598ded8470fcfef2afb5cf881996e6c0a502ceb61f4bc9c8a3", size = 13757889, upload-time = "2026-01-08T19:12:07.094Z" },
    { url = "https://files.pythonhosted.org/packages/b7/9f/c7fb6ecf554f28709a6a1f2a7f74750d400979e8cd47ed29feeaa1bd4db8/ruff-0.14.11-py3-none-manylinux_2_31_riscv64.whl", hash = "sha256:0f3727189a52179393ecf92ec7057c2210203e6af2676f08d92140d3e1ee72c1", size = 13955832, upload-time = "2026-01-08T19:11:55.064Z" },
    { url = "https://files.pythonhosted.org/packages/db/a0/153315310f250f76900a98278cf878c64dfb6d044e184491dd3289796734/ruff-0.14.11-py3-none-musllinux_1_2_aarch64.whl", hash = "sha256:eb09f849bd37147a789b85995ff734a6c4a095bed5fd1608c4f56afc3634cde2", size = 12586522, upload-time = "2026-01-08T19:11:35.356Z" },
    { url = "https://files.pythonhosted.org/packages/2f/2b/a73a2b6e6d2df1d74bf2b78098be1572191e54bec0e59e29382d13c3adc5/ruff-0.14.11-py3-none-musllinux_1_2_armv7l.whl", hash = "sha256:c61782543c1231bf71041461c1f28c64b961d457d0f238ac388e2ab173d7ecb7", size = 12724637, upload-time = "2026-01-08T19:11:47.796Z" },
    { url = "https://files.pythonhosted.org/packages/f0/41/09100590320394401cd3c48fc718a8ba71c7ddb1ffd07e0ad6576b3a3df2/ruff-0.14.11-py3-none-musllinux_1_2_i686.whl", hash = "sha256:82ff352ea68fb6766140381748e1f67f83c39860b6446966cff48a315c3e2491", size = 13145837, upload-time = "2026-01-08T19:11:32.87Z" },
    { url = "https://files.pythonhosted.org/packages/3b/d8/e035db859d1d3edf909381eb8ff3e89a672d6572e9454093538fe6f164b0/ruff-0.14.11-py3-none-musllinux_1_2_x86_64.whl", hash = "sha256:728e56879df4ca5b62a9dde2dd0eb0edda2a55160c0ea28c4025f18c03f86984", size = 13850469, upload-time = "2026-01-08T19:12:11.694Z" },
    { url = "https://files.pythonhosted.org/packages/4e/02/bb3ff8b6e6d02ce9e3740f4c17dfbbfb55f34c789c139e9cd91985f356c7/ruff-0.14.11-py3-none-win32.whl", hash = "sha256:337c5dd11f16ee52ae217757d9b82a26400be7efac883e9e852646f1557ed841", size = 12851094, upload-time = "2026-01-08T19:11:45.163Z" },
    { url = "https://files.pythonhosted.org/packages/58/f1/90ddc533918d3a2ad628bc3044cdfc094949e6d4b929220c3f0eb8a1c998/ruff-0.14.11-py3-none-win_amd64.whl", hash = "sha256:f981cea63d08456b2c070e64b79cb62f951aa1305282974d4d5216e6e0178ae6", size = 14001379, upload-time = "2026-01-08T19:11:52.591Z" },
    { url = "https://files.pythonhosted.org/packages/c4/1c/1dbe51782c0e1e9cfce1d1004752672d2d4629ea46945d19d731ad772b3b/ruff-0.14.11-py3-none-win_arm64.whl", hash = "sha256:649fb6c9edd7f751db276ef42df1f3df41c38d67d199570ae2a7bd6cbc3590f0", size = 12938644, upload-time = "2026-01-08T19:11:50.027Z" },
]

[[package]]
name = "sqlparse"
version = "0.5.5"
source = { registry = "https://pypi.org/simple" }
sdist = { url = "https://files.pythonhosted.org/packages/90/76/437d71068094df0726366574cf3432a4ed754217b436eb7429415cf2d480/sqlparse-0.5.5.tar.gz", hash = "sha256:e20d4a9b0b8585fdf63b10d30066c7c94c5d7a7ec47c889a2d83a3caa93ff28e", size = 120815, upload-time = "2025-12-19T07:17:45.073Z" }
wheels = [
    { url = "https://files.pythonhosted.org/packages/49/4b/359f28a903c13438ef59ebeee215fb25da53066db67b305c125f1c6d2a25/sqlparse-0.5.5-py3-none-any.whl", hash = "sha256:12a08b3bf3eec877c519589833aed092e2444e68240a3577e8e26148acc7b1ba", size = 46138, upload-time = "2025-12-19T07:17:46.573Z" },
]

[[package]]
name = "tzdata"
version = "2025.3"
source = { registry = "https://pypi.org/simple" }
sdist = { url = "https://files.pythonhosted.org/packages/5e/a7/c202b344c5ca7daf398f3b8a477eeb205cf3b6f32e7ec3a6bac0629ca975/tzdata-2025.3.tar.gz", hash = "sha256:de39c2ca5dc7b0344f2eba86f49d614019d29f060fc4ebc8a417896a620b56a7", size = 196772, upload-time = "2025-12-13T17:45:35.667Z" }
wheels = [
    { url = "https://files.pythonhosted.org/packages/c7/b0/003792df09decd6849a5e39c28b513c06e84436a54440380862b5aeff25d/tzdata-2025.3-py2.py3-none-any.whl", hash = "sha256:06a47e5700f3081aab02b2e513160914ff0694bce9947d6b76ebd6bf57cfc5d1", size = 348521, upload-time = "2025-12-13T17:45:33.889Z" },
]
